Microsoft Visual Studio Solution File, Format Version 11.00
# Visual Studio 2010
Project("{FAE04EC0-301F-11D3-BF4B-00C04F79EFBC}") = "DXDocking_DockingInCode", "DXDocking_DockingInCode\DXDocking_DockingInCode.csproj", "{36E48944-62CE-4353-BA79-66781E77C638}"
EndProject
Global
	GlobalSection(SolutionConfigurationPlatforms) = preSolution
		Debug|Any CPU = Debug|Any CPU
		Release|Any CPU = Release|Any CPU
	EndGlobalSection
	GlobalSection(ProjectConfigurationPlatforms) = postSolution
		{36E48944-62CE-4353-BA79-66781E77C638}.Debug|Any CPU.ActiveCfg = Debug|Any CPU
		{36E48944-62CE-4353-BA79-66781E77C638}.Debug|Any CPU.Build.0 = Debug|Any CPU
		{36E48944-62CE-4353-BA79-66781E77C638}.Release|Any CPU.ActiveCfg = Release|Any CPU
		{36E48944-62CE-4353-BA79-66781E77C638}.Release|Any CPU.Build.0 = Release|Any CPU
	EndGlobalSection
	GlobalSection(SolutionProperties) = preSolution
		HideSolutionNode = FALSE
	EndGlobalSection
EndGlobal
